
Microsoft Visual Studio Solution File, Format Version 12.00
# Visual Studio Version 17
VisualStudioVersion = 17.9.34728.123
MinimumVisualStudioVersion = 10.0.40219.1
Project("{FAE04EC0-301F-11D3-BF4B-00C04F79EFBC}") = "DevOpsDemo", "DevOpsDemo.csproj", "{671E5917-3F3F-46BB-BB9A-9AA1B219CA89}"
EndProject
Project("{FAE04EC0-301F-11D3-BF4B-00C04F79EFBC}") = "DevOpsDemo.Test", "..\DevOpsDemo.Test\DevOpsDemo.Test.csproj", "{E057404B-81A3-4BF7-8C7F-EC759D32B733}"
EndProject
Global
	GlobalSection(SolutionConfigurationPlatforms) = preSolution
		Debug|Any CPU = Debug|Any CPU
		Release|Any CPU = Release|Any CPU
	EndGlobalSection
	GlobalSection(ProjectConfigurationPlatforms) = postSolution
		{671E5917-3F3F-46BB-BB9A-9AA1B219CA89}.Debug|Any CPU.ActiveCfg = Debug|Any CPU
		{671E5917-3F3F-46BB-BB9A-9AA1B219CA89}.Debug|Any CPU.Build.0 = Debug|Any CPU
		{671E5917-3F3F-46BB-BB9A-9AA1B219CA89}.Release|Any CPU.ActiveCfg = Release|Any CPU
		{671E5917-3F3F-46BB-BB9A-9AA1B219CA89}.Release|Any CPU.Build.0 = Release|Any CPU
		{E057404B-81A3-4BF7-8C7F-EC759D32B733}.Debug|Any CPU.ActiveCfg = Debug|Any CPU
		{E057404B-81A3-4BF7-8C7F-EC759D32B733}.Debug|Any CPU.Build.0 = Debug|Any CPU
		{E057404B-81A3-4BF7-8C7F-EC759D32B733}.Release|Any CPU.ActiveCfg = Release|Any CPU
		{E057404B-81A3-4BF7-8C7F-EC759D32B733}.Release|Any CPU.Build.0 = Release|Any CPU
	EndGlobalSection
	GlobalSection(SolutionProperties) = preSolution
		HideSolutionNode = FALSE
	EndGlobalSection
	GlobalSection(ExtensibilityGlobals) = postSolution
		SolutionGuid = {E2877D2A-5668-43CE-908A-CB4B0C6570CE}
	EndGlobalSection
EndGlobal
